
Microsoft Visual Studio Solution File, Format Version 12.00
# Visual Studio Version 16
VisualStudioVersion = 16.0.29911.98
MinimumVisualStudioVersion = 10.0.40219.1
Project("{FAE04EC0-301F-11D3-BF4B-00C04F79EFBC}") = "tp_1", "tp_1\tp_1.csproj", "{1E26B506-984F-4BF8-871F-216765697B30}"
EndProject
Global
	GlobalSection(SolutionConfigurationPlatforms) = preSolution
		Debug|Any CPU = Debug|Any CPU
		Release|Any CPU = Release|Any CPU
	EndGlobalSection
	GlobalSection(ProjectConfigurationPlatforms) = postSolution
		{1E26B506-984F-4BF8-871F-216765697B30}.Debug|Any CPU.ActiveCfg = Debug|Any CPU
		{1E26B506-984F-4BF8-871F-216765697B30}.Debug|Any CPU.Build.0 = Debug|Any CPU
		{1E26B506-984F-4BF8-871F-216765697B30}.Release|Any CPU.ActiveCfg = Release|Any CPU
		{1E26B506-984F-4BF8-871F-216765697B30}.Release|Any CPU.Build.0 = Release|Any CPU
	EndGlobalSection
	GlobalSection(SolutionProperties) = preSolution
		HideSolutionNode = FALSE
	EndGlobalSection
	GlobalSection(ExtensibilityGlobals) = postSolution
		SolutionGuid = {20A568EF-F477-4169-95D8-98F5EE8F0A2D}
	EndGlobalSection
EndGlobal
