
Microsoft Visual Studio Solution File, Format Version 12.00
# Visual Studio Version 16
VisualStudioVersion = 16.0.29911.98
MinimumVisualStudioVersion = 10.0.40219.1
Project("{FAE04EC0-301F-11D3-BF4B-00C04F79EFBC}") = "tp2", "tp2\tp2.csproj", "{835CE348-68D3-4824-BA03-D13652E49A8F}"
EndProject
Global
	GlobalSection(SolutionConfigurationPlatforms) = preSolution
		Debug|Any CPU = Debug|Any CPU
		Release|Any CPU = Release|Any CPU
	EndGlobalSection
	GlobalSection(ProjectConfigurationPlatforms) = postSolution
		{835CE348-68D3-4824-BA03-D13652E49A8F}.Debug|Any CPU.ActiveCfg = Debug|Any CPU
		{835CE348-68D3-4824-BA03-D13652E49A8F}.Debug|Any CPU.Build.0 = Debug|Any CPU
		{835CE348-68D3-4824-BA03-D13652E49A8F}.Release|Any CPU.ActiveCfg = Release|Any CPU
		{835CE348-68D3-4824-BA03-D13652E49A8F}.Release|Any CPU.Build.0 = Release|Any CPU
	EndGlobalSection
	GlobalSection(SolutionProperties) = preSolution
		HideSolutionNode = FALSE
	EndGlobalSection
	GlobalSection(ExtensibilityGlobals) = postSolution
		SolutionGuid = {721351C0-3769-4958-8B3A-4021DA01A3F3}
	EndGlobalSection
EndGlobal
